
Microsoft Visual Studio Solution File, Format Version 12.00
# Visual Studio Version 17
VisualStudioVersion = 17.13.35825.156 d17.13
MinimumVisualStudioVersion = 10.0.40219.1
Project("{FAE04EC0-301F-11D3-BF4B-00C04F79EFBC}") = "IwppCOSwykresy", "IwppCOSwykresy.csproj", "{AF428530-5AC3-48CA-A67C-B90967BCEAA3}"
EndProject
Global
	GlobalSection(SolutionConfigurationPlatforms) = preSolution
		Debug|Any CPU = Debug|Any CPU
		Release|Any CPU = Release|Any CPU
	EndGlobalSection
	GlobalSection(ProjectConfigurationPlatforms) = postSolution
		{AF428530-5AC3-48CA-A67C-B90967BCEAA3}.Debug|Any CPU.ActiveCfg = Debug|Any CPU
		{AF428530-5AC3-48CA-A67C-B90967BCEAA3}.Debug|Any CPU.Build.0 = Debug|Any CPU
		{AF428530-5AC3-48CA-A67C-B90967BCEAA3}.Release|Any CPU.ActiveCfg = Release|Any CPU
		{AF428530-5AC3-48CA-A67C-B90967BCEAA3}.Release|Any CPU.Build.0 = Release|Any CPU
	EndGlobalSection
	GlobalSection(SolutionProperties) = preSolution
		HideSolutionNode = FALSE
	EndGlobalSection
	GlobalSection(ExtensibilityGlobals) = postSolution
		SolutionGuid = {79C97DC0-1265-4D75-89CD-DEC8B3736170}
	EndGlobalSection
EndGlobal
